
Microsoft Visual Studio Solution File, Format Version 12.00
# Visual Studio Version 17
VisualStudioVersion = 17.8.34511.84
MinimumVisualStudioVersion = 10.0.40219.1
Project("{FAE04EC0-301F-11D3-BF4B-00C04F79EFBC}") = "Ecomm", "Ecomm\Ecomm.csproj", "{3A62EC81-FDEB-4699-B5F0-F8610DA5DD6F}"
EndProject
Global
	GlobalSection(SolutionConfigurationPlatforms) = preSolution
		Debug|Any CPU = Debug|Any CPU
		Release|Any CPU = Release|Any CPU
	EndGlobalSection
	GlobalSection(ProjectConfigurationPlatforms) = postSolution
		{3A62EC81-FDEB-4699-B5F0-F8610DA5DD6F}.Debug|Any CPU.ActiveCfg = Debug|Any CPU
		{3A62EC81-FDEB-4699-B5F0-F8610DA5DD6F}.Debug|Any CPU.Build.0 = Debug|Any CPU
		{3A62EC81-FDEB-4699-B5F0-F8610DA5DD6F}.Release|Any CPU.ActiveCfg = Release|Any CPU
		{3A62EC81-FDEB-4699-B5F0-F8610DA5DD6F}.Release|Any CPU.Build.0 = Release|Any CPU
	EndGlobalSection
	GlobalSection(SolutionProperties) = preSolution
		HideSolutionNode = FALSE
	EndGlobalSection
	GlobalSection(ExtensibilityGlobals) = postSolution
		SolutionGuid = {D7DF5AFC-5EDB-470B-843F-681C5D622FF1}
	EndGlobalSection
EndGlobal
